// !$*UTF8*$!
{
	archiveVersion = 1;
	classes = {
	};
	objectVersion = 56;
	objects = {

/* Begin PBXBuildFile section */
		59A54AFB2C8AD62F005BBA8D /* main.cpp in Sources */ = {isa = PBXBuildFile; fileRef = 59A54AFA2C8AD62F005BBA8D /* main.cpp */; };
		59A54B042C8AD72E005BBA8D /* main.cpp in Sources */ = {isa = PBXBuildFile; fileRef = 59A54B022C8AD72E005BBA8D /* main.cpp */; };
		59A54B072C8AD7E2005BBA8D /* CardManagement.cpp in Sources */ = {isa = PBXBuildFile; fileRef = 59A54B052C8AD7E2005BBA8D /* CardManagement.cpp */; };
		59ED77812C8D42F30005BADB /* Player.cpp in Sources */ = {isa = PBXBuildFile; fileRef = 59ED777F2C8D42F30005BADB /* Player.cpp */; };
		59ED77842C8D5D800005BADB /* Dealer.cpp in Sources */ = {isa = PBXBuildFile; fileRef = 59ED77822C8D5D800005BADB /* Dealer.cpp */; };
/* End PBXBuildFile section */

/* Begin PBXCopyFilesBuildPhase section */
		59A54AF52C8AD62F005BBA8D /* CopyFiles */ = {
			isa = PBXCopyFilesBuildPhase;
			buildActionMask = 2147483647;
			dstPath = /usr/share/man/man1/;
			dstSubfolderSpec = 0;
			files = (
			);
			runOnlyForDeploymentPostprocessing = 1;
		};
/* End PBXCopyFilesBuildPhase section */

/* Begin PBXFileReference section */
		59A54AF72C8AD62F005BBA8D /* blackJack */ = {isa = PBXFileReference; explicitFileType = "compiled.mach-o.executable"; includeInIndex = 0; path = blackJack; sourceTree = BUILT_PRODUCTS_DIR; };
		59A54AFA2C8AD62F005BBA8D /* main.cpp */ = {isa = PBXFileReference; lastKnownFileType = sourcecode.cpp.cpp; path = main.cpp; sourceTree = "<group>"; };
		59A54B022C8AD72E005BBA8D /* main.cpp */ = {isa = PBXFileReference; lastKnownFileType = sourcecode.cpp.cpp; path = main.cpp; sourceTree = "<group>"; };
		59A54B052C8AD7E2005BBA8D /* CardManagement.cpp */ = {isa = PBXFileReference; lastKnownFileType = sourcecode.cpp.cpp; path = CardManagement.cpp; sourceTree = "<group>"; };
		59A54B062C8AD7E2005BBA8D /* CardManagement.hpp */ = {isa = PBXFileReference; lastKnownFileType = sourcecode.cpp.h; path = CardManagement.hpp; sourceTree = "<group>"; };
		59C718312C8C235600077D18 /* CMakeLists.txt */ = {isa = PBXFileReference; lastKnownFileType = text; path = CMakeLists.txt; sourceTree = "<group>"; };
		59C718322C8C237F00077D18 /* CMakeLists.txt */ = {isa = PBXFileReference; fileEncoding = 4; lastKnownFileType = text; path = CMakeLists.txt; sourceTree = "<group>"; };
		59C718332C8C80EE00077D18 /* .gitignore */ = {isa = PBXFileReference; lastKnownFileType = text; path = .gitignore; sourceTree = "<group>"; };
		59C7B6742C8C146100077D18 /* Cards.hpp */ = {isa = PBXFileReference; lastKnownFileType = sourcecode.cpp.h; path = Cards.hpp; sourceTree = "<group>"; };
		59ED777F2C8D42F30005BADB /* Player.cpp */ = {isa = PBXFileReference; lastKnownFileType = sourcecode.cpp.cpp; path = Player.cpp; sourceTree = "<group>"; };
		59ED77802C8D42F30005BADB /* Player.hpp */ = {isa = PBXFileReference; lastKnownFileType = sourcecode.cpp.h; path = Player.hpp; sourceTree = "<group>"; };
		59ED77822C8D5D800005BADB /* Dealer.cpp */ = {isa = PBXFileReference; lastKnownFileType = sourcecode.cpp.cpp; path = Dealer.cpp; sourceTree = "<group>"; };
		59ED77832C8D5D800005BADB /* Dealer.hpp */ = {isa = PBXFileReference; lastKnownFileType = sourcecode.cpp.h; path = Dealer.hpp; sourceTree = "<group>"; };
		59ED77852C8D90F30005BADB /* Constants.h */ = {isa = PBXFileReference; lastKnownFileType = sourcecode.c.h; path = Constants.h; sourceTree = "<group>"; };
/* End PBXFileReference section */

/* Begin PBXFrameworksBuildPhase section */
		59A54AF42C8AD62F005BBA8D /* Frameworks */ = {
			isa = PBXFrameworksBuildPhase;
			buildActionMask = 2147483647;
			files = (
			);
			runOnlyForDeploymentPostprocessing = 0;
		};
/* End PBXFrameworksBuildPhase section */

/* Begin PBXGroup section */
		59A54AEE2C8AD62F005BBA8D = {
			isa = PBXGroup;
			children = (
				59ED77852C8D90F30005BADB /* Constants.h */,
				59C718332C8C80EE00077D18 /* .gitignore */,
				59C718312C8C235600077D18 /* CMakeLists.txt */,
				59A54B012C8AD68B005BBA8D /* tests */,
				59A54AF92C8AD62F005BBA8D /* main */,
				59A54AF82C8AD62F005BBA8D /* Products */,
			);
			sourceTree = "<group>";
		};
		59A54AF82C8AD62F005BBA8D /* Products */ = {
			isa = PBXGroup;
			children = (
				59A54AF72C8AD62F005BBA8D /* blackJack */,
			);
			name = Products;
			sourceTree = "<group>";
		};
		59A54AF92C8AD62F005BBA8D /* main */ = {
			isa = PBXGroup;
			children = (
				59C7B6742C8C146100077D18 /* Cards.hpp */,
				59A54AFA2C8AD62F005BBA8D /* main.cpp */,
				59A54B052C8AD7E2005BBA8D /* CardManagement.cpp */,
				59A54B062C8AD7E2005BBA8D /* CardManagement.hpp */,
				59ED777F2C8D42F30005BADB /* Player.cpp */,
				59ED77802C8D42F30005BADB /* Player.hpp */,
				59ED77822C8D5D800005BADB /* Dealer.cpp */,
				59ED77832C8D5D800005BADB /* Dealer.hpp */,
			);
			path = main;
			sourceTree = "<group>";
		};
		59A54B012C8AD68B005BBA8D /* tests */ = {
			isa = PBXGroup;
			children = (
				59C718302C8C215D00077D18 /* build */,
				59A54B022C8AD72E005BBA8D /* main.cpp */,
				59C718322C8C237F00077D18 /* CMakeLists.txt */,
			);
			path = tests;
			sourceTree = "<group>";
		};
		59C718302C8C215D00077D18 /* build */ = {
			isa = PBXGroup;
			children = (
			);
			path = build;
			sourceTree = "<group>";
		};
/* End PBXGroup section */

/* Begin PBXNativeTarget section */
		59A54AF62C8AD62F005BBA8D /* blackJack */ = {
			isa = PBXNativeTarget;
			buildConfigurationList = 59A54AFE2C8AD62F005BBA8D /* Build configuration list for PBXNativeTarget "blackJack" */;
			buildPhases = (
				59A54AF32C8AD62F005BBA8D /* Sources */,
				59A54AF42C8AD62F005BBA8D /* Frameworks */,
				59A54AF52C8AD62F005BBA8D /* CopyFiles */,
			);
			buildRules = (
			);
			dependencies = (
			);
			name = blackJack;
			productName = blackJack;
			productReference = 59A54AF72C8AD62F005BBA8D /* blackJack */;
			productType = "com.apple.product-type.tool";
		};
/* End PBXNativeTarget section */

/* Begin PBXProject section */
		59A54AEF2C8AD62F005BBA8D /* Project object */ = {
			isa = PBXProject;
			attributes = {
				BuildIndependentTargetsInParallel = 1;
				LastUpgradeCheck = 1540;
				TargetAttributes = {
					59A54AF62C8AD62F005BBA8D = {
						CreatedOnToolsVersion = 15.4;
					};
				};
			};
			buildConfigurationList = 59A54AF22C8AD62F005BBA8D /* Build configuration list for PBXProject "blackJack" */;
			compatibilityVersion = "Xcode 14.0";
			developmentRegion = en;
			hasScannedForEncodings = 0;
			knownRegions = (
				en,
				Base,
			);
			mainGroup = 59A54AEE2C8AD62F005BBA8D;
			productRefGroup = 59A54AF82C8AD62F005BBA8D /* Products */;
			projectDirPath = "";
			projectRoot = "";
			targets = (
				59A54AF62C8AD62F005BBA8D /* blackJack */,
			);
		};
/* End PBXProject section */

/* Begin PBXSourcesBuildPhase section */
		59A54AF32C8AD62F005BBA8D /* Sources */ = {
			isa = PBXSourcesBuildPhase;
			buildActionMask = 2147483647;
			files = (
				59A54B072C8AD7E2005BBA8D /* CardManagement.cpp in Sources */,
				59A54B042C8AD72E005BBA8D /* main.cpp in Sources */,
				59ED77842C8D5D800005BADB /* Dealer.cpp in Sources */,
				59ED77812C8D42F30005BADB /* Player.cpp in Sources */,
				59A54AFB2C8AD62F005BBA8D /* main.cpp in Sources */,
			);
			runOnlyForDeploymentPostprocessing = 0;
		};
/* End PBXSourcesBuildPhase section */

/* Begin XCBuildConfiguration section */
		59A54AFC2C8AD62F005BBA8D /* Debug */ = {
			isa = XCBuildConfiguration;
			buildSettings = {
				ALWAYS_SEARCH_USER_PATHS = NO;
				ASSETCATALOG_COMPILER_GENERATE_SWIFT_ASSET_SYMBOL_EXTENSIONS = YES;
				CLANG_ANALYZER_NONNULL = YES;
				CLANG_ANALYZER_NUMBER_OBJECT_CONVERSION = YES_AGGRESSIVE;
				CLANG_CXX_LANGUAGE_STANDARD = "gnu++20";
				CLANG_ENABLE_MODULES = YES;
				CLANG_ENABLE_OBJC_ARC = YES;
				CLANG_ENABLE_OBJC_WEAK = YES;
				CLANG_WARN_BLOCK_CAPTURE_AUTORELEASING = YES;
				CLANG_WARN_BOOL_CONVERSION = YES;
				CLANG_WARN_COMMA = YES;
				CLANG_WARN_CONSTANT_CONVERSION = YES;
				CLANG_WARN_DEPRECATED_OBJC_IMPLEMENTATIONS = YES;
				CLANG_WARN_DIRECT_OBJC_ISA_USAGE = YES_ERROR;
				CLANG_WARN_DOCUMENTATION_COMMENTS = YES;
				CLANG_WARN_EMPTY_BODY = YES;
				CLANG_WARN_ENUM_CONVERSION = YES;
				CLANG_WARN_INFINITE_RECURSION = YES;
				CLANG_WARN_INT_CONVERSION = YES;
				CLANG_WARN_NON_LITERAL_NULL_CONVERSION = YES;
				CLANG_WARN_OBJC_IMPLICIT_RETAIN_SELF = YES;
				CLANG_WARN_OBJC_LITERAL_CONVERSION = YES;
				CLANG_WARN_OBJC_ROOT_CLASS = YES_ERROR;
				CLANG_WARN_QUOTED_INCLUDE_IN_FRAMEWORK_HEADER = YES;
				CLANG_WARN_RANGE_LOOP_ANALYSIS = YES;
				CLANG_WARN_STRICT_PROTOTYPES = YES;
				CLANG_WARN_SUSPICIOUS_MOVE = YES;
				CLANG_WARN_UNGUARDED_AVAILABILITY = YES_AGGRESSIVE;
				CLANG_WARN_UNREACHABLE_CODE = YES;
				CLANG_WARN__DUPLICATE_METHOD_MATCH = YES;
				COPY_PHASE_STRIP = NO;
				DEBUG_INFORMATION_FORMAT = dwarf;
				ENABLE_STRICT_OBJC_MSGSEND = YES;
				ENABLE_TESTABILITY = YES;
				ENABLE_USER_SCRIPT_SANDBOXING = YES;
				GCC_C_LANGUAGE_STANDARD = gnu17;
				GCC_DYNAMIC_NO_PIC = NO;
				GCC_NO_COMMON_BLOCKS = YES;
				GCC_OPTIMIZATION_LEVEL = 0;
				GCC_PREPROCESSOR_DEFINITIONS = (
					"DEBUG=1",
					"$(inherited)",
				);
				GCC_WARN_64_TO_32_BIT_CONVERSION = YES;
				GCC_WARN_ABOUT_RETURN_TYPE = YES_ERROR;
				GCC_WARN_UNDECLARED_SELECTOR = YES;
				GCC_WARN_UNINITIALIZED_AUTOS = YES_AGGRESSIVE;
				GCC_WARN_UNUSED_FUNCTION = YES;
				GCC_WARN_UNUSED_VARIABLE = YES;
				LOCALIZATION_PREFERS_STRING_CATALOGS = YES;
				MACOSX_DEPLOYMENT_TARGET = 14.5;
				MTL_ENABLE_DEBUG_INFO = INCLUDE_SOURCE;
				MTL_FAST_MATH = YES;
				ONLY_ACTIVE_ARCH = YES;
				SDKROOT = macosx;
			};
			name = Debug;
		};
		59A54AFD2C8AD62F005BBA8D /* Release */ = {
			isa = XCBuildConfiguration;
			buildSettings = {
				ALWAYS_SEARCH_USER_PATHS = NO;
				ASSETCATALOG_COMPILER_GENERATE_SWIFT_ASSET_SYMBOL_EXTENSIONS = YES;
				CLANG_ANALYZER_NONNULL = YES;
				CLANG_ANALYZER_NUMBER_OBJECT_CONVERSION = YES_AGGRESSIVE;
				CLANG_CXX_LANGUAGE_STANDARD = "gnu++20";
				CLANG_ENABLE_MODULES = YES;
				CLANG_ENABLE_OBJC_ARC = YES;
				CLANG_ENABLE_OBJC_WEAK = YES;
				CLANG_WARN_BLOCK_CAPTURE_AUTORELEASING = YES;
				CLANG_WARN_BOOL_CONVERSION = YES;
				CLANG_WARN_COMMA = YES;
				CLANG_WARN_CONSTANT_CONVERSION = YES;
				CLANG_WARN_DEPRECATED_OBJC_IMPLEMENTATIONS = YES;
				CLANG_WARN_DIRECT_OBJC_ISA_USAGE = YES_ERROR;
				CLANG_WARN_DOCUMENTATION_COMMENTS = YES;
				CLANG_WARN_EMPTY_BODY = YES;
				CLANG_WARN_ENUM_CONVERSION = YES;
				CLANG_WARN_INFINITE_RECURSION = YES;
				CLANG_WARN_INT_CONVERSION = YES;
				CLANG_WARN_NON_LITERAL_NULL_CONVERSION = YES;
				CLANG_WARN_OBJC_IMPLICIT_RETAIN_SELF = YES;
				CLANG_WARN_OBJC_LITERAL_CONVERSION = YES;
				CLANG_WARN_OBJC_ROOT_CLASS = YES_ERROR;
				CLANG_WARN_QUOTED_INCLUDE_IN_FRAMEWORK_HEADER = YES;
				CLANG_WARN_RANGE_LOOP_ANALYSIS = YES;
				CLANG_WARN_STRICT_PROTOTYPES = YES;
				CLANG_WARN_SUSPICIOUS_MOVE = YES;
				CLANG_WARN_UNGUARDED_AVAILABILITY = YES_AGGRESSIVE;
				CLANG_WARN_UNREACHABLE_CODE = YES;
				CLANG_WARN__DUPLICATE_METHOD_MATCH = YES;
				COPY_PHASE_STRIP = NO;
				DEBUG_INFORMATION_FORMAT = "dwarf-with-dsym";
				ENABLE_NS_ASSERTIONS = NO;
				ENABLE_STRICT_OBJC_MSGSEND = YES;
				ENABLE_USER_SCRIPT_SANDBOXING = YES;
				GCC_C_LANGUAGE_STANDARD = gnu17;
				GCC_NO_COMMON_BLOCKS = YES;
				GCC_WARN_64_TO_32_BIT_CONVERSION = YES;
				GCC_WARN_ABOUT_RETURN_TYPE = YES_ERROR;
				GCC_WARN_UNDECLARED_SELECTOR = YES;
				GCC_WARN_UNINITIALIZED_AUTOS = YES_AGGRESSIVE;
				GCC_WARN_UNUSED_FUNCTION = YES;
				GCC_WARN_UNUSED_VARIABLE = YES;
				LOCALIZATION_PREFERS_STRING_CATALOGS = YES;
				MACOSX_DEPLOYMENT_TARGET = 14.5;
				MTL_ENABLE_DEBUG_INFO = NO;
				MTL_FAST_MATH = YES;
				SDKROOT = macosx;
			};
			name = Release;
		};
		59A54AFF2C8AD62F005BBA8D /* Debug */ = {
			isa = XCBuildConfiguration;
			buildSettings = {
				CODE_SIGN_STYLE = Automatic;
				LIBRARY_SEARCH_PATHS = (
					"$(inherited)",
					"$(PROJECT_DIR)/lib",
				);
				PRODUCT_NAME = "$(TARGET_NAME)";
			};
			name = Debug;
		};
		59A54B002C8AD62F005BBA8D /* Release */ = {
			isa = XCBuildConfiguration;
			buildSettings = {
				CODE_SIGN_STYLE = Automatic;
				LIBRARY_SEARCH_PATHS = (
					"$(inherited)",
					"$(PROJECT_DIR)/lib",
				);
				PRODUCT_NAME = "$(TARGET_NAME)";
			};
			name = Release;
		};
/* End XCBuildConfiguration section */

/* Begin XCConfigurationList section */
		59A54AF22C8AD62F005BBA8D /* Build configuration list for PBXProject "blackJack" */ = {
			isa = XCConfigurationList;
			buildConfigurations = (
				59A54AFC2C8AD62F005BBA8D /* Debug */,
				59A54AFD2C8AD62F005BBA8D /* Release */,
			);
			defaultConfigurationIsVisible = 0;
			defaultConfigurationName = Release;
		};
		59A54AFE2C8AD62F005BBA8D /* Build configuration list for PBXNativeTarget "blackJack" */ = {
			isa = XCConfigurationList;
			buildConfigurations = (
				59A54AFF2C8AD62F005BBA8D /* Debug */,
				59A54B002C8AD62F005BBA8D /* Release */,
			);
			defaultConfigurationIsVisible = 0;
			defaultConfigurationName = Release;
		};
/* End XCConfigurationList section */
	};
	rootObject = 59A54AEF2C8AD62F005BBA8D /* Project object */;
}
